
Microsoft Visual Studio Solution File, Format Version 12.00
# Visual Studio 15
VisualStudioVersion = 15.0.28307.168
MinimumVisualStudioVersion = 10.0.40219.1
Project("{8BC9CEB8-8B4A-11D0-8D11-00A0C91BC942}") = "templeteDemo_LinkedList", "templeteDemo_LinkedList\templeteDemo_LinkedList.vcxproj", "{9AF635AF-774B-4E2B-92F9-EECE15425541}"
EndProject
Global
	GlobalSection(SolutionConfigurationPlatforms) = preSolution
		Debug|x64 = Debug|x64
		Debug|x86 = Debug|x86
		Release|x64 = Release|x64
		Release|x86 = Release|x86
	EndGlobalSection
	GlobalSection(ProjectConfigurationPlatforms) = postSolution
		{9AF635AF-774B-4E2B-92F9-EECE15425541}.Debug|x64.ActiveCfg = Debug|x64
		{9AF635AF-774B-4E2B-92F9-EECE15425541}.Debug|x64.Build.0 = Debug|x64
		{9AF635AF-774B-4E2B-92F9-EECE15425541}.Debug|x86.ActiveCfg = Debug|Win32
		{9AF635AF-774B-4E2B-92F9-EECE15425541}.Debug|x86.Build.0 = Debug|Win32
		{9AF635AF-774B-4E2B-92F9-EECE15425541}.Release|x64.ActiveCfg = Release|x64
		{9AF635AF-774B-4E2B-92F9-EECE15425541}.Release|x64.Build.0 = Release|x64
		{9AF635AF-774B-4E2B-92F9-EECE15425541}.Release|x86.ActiveCfg = Release|Win32
		{9AF635AF-774B-4E2B-92F9-EECE15425541}.Release|x86.Build.0 = Release|Win32
	EndGlobalSection
	GlobalSection(SolutionProperties) = preSolution
		HideSolutionNode = FALSE
	EndGlobalSection
	GlobalSection(ExtensibilityGlobals) = postSolution
		SolutionGuid = {2839736E-5BFC-41E9-A608-A35433E96249}
	EndGlobalSection
EndGlobal
